
Microsoft Visual Studio Solution File, Format Version 12.00
# Visual Studio Version 16
VisualStudioVersion = 16.0.30717.126
MinimumVisualStudioVersion = 10.0.40219.1
Project("{8BC9CEB8-8B4A-11D0-8D11-00A0C91BC942}") = "Lab1_6", "Lab1_6\Lab1_6.vcxproj", "{49E4CF17-22BE-4F51-B8CB-955F20DEF717}"
EndProject
Global
	GlobalSection(SolutionConfigurationPlatforms) = preSolution
		Debug|x64 = Debug|x64
		Debug|x86 = Debug|x86
		Release|x64 = Release|x64
		Release|x86 = Release|x86
	EndGlobalSection
	GlobalSection(ProjectConfigurationPlatforms) = postSolution
		{49E4CF17-22BE-4F51-B8CB-955F20DEF717}.Debug|x64.ActiveCfg = Debug|x64
		{49E4CF17-22BE-4F51-B8CB-955F20DEF717}.Debug|x64.Build.0 = Debug|x64
		{49E4CF17-22BE-4F51-B8CB-955F20DEF717}.Debug|x86.ActiveCfg = Debug|Win32
		{49E4CF17-22BE-4F51-B8CB-955F20DEF717}.Debug|x86.Build.0 = Debug|Win32
		{49E4CF17-22BE-4F51-B8CB-955F20DEF717}.Release|x64.ActiveCfg = Release|x64
		{49E4CF17-22BE-4F51-B8CB-955F20DEF717}.Release|x64.Build.0 = Release|x64
		{49E4CF17-22BE-4F51-B8CB-955F20DEF717}.Release|x86.ActiveCfg = Release|Win32
		{49E4CF17-22BE-4F51-B8CB-955F20DEF717}.Release|x86.Build.0 = Release|Win32
	EndGlobalSection
	GlobalSection(SolutionProperties) = preSolution
		HideSolutionNode = FALSE
	EndGlobalSection
	GlobalSection(ExtensibilityGlobals) = postSolution
		SolutionGuid = {BD6C45E1-D709-4633-8A2E-6613307E59D6}
	EndGlobalSection
EndGlobal
